// !$*UTF8*$!
{
	archiveVersion = 1;
	classes = {
	};
	objectVersion = 56;
	objects = {

/* Begin PBXBuildFile section */
		5E2589452BBC3DCF00A1F128 /* NoteApp.swift in Sources */ = {isa = PBXBuildFile; fileRef = 5E2589442BBC3DCF00A1F128 /* NoteApp.swift */; };
		5E2589492BBC3DD100A1F128 /* Assets.xcassets in Resources */ = {isa = PBXBuildFile; fileRef = 5E2589482BBC3DD100A1F128 /* Assets.xcassets */; };
		5E25894C2BBC3DD100A1F128 /* Preview Assets.xcassets in Resources */ = {isa = PBXBuildFile; fileRef = 5E25894B2BBC3DD100A1F128 /* Preview Assets.xcassets */; };
		5E2589542BBC404F00A1F128 /* FirebaseAnalytics in Frameworks */ = {isa = PBXBuildFile; productRef = 5E2589532BBC404F00A1F128 /* FirebaseAnalytics */; };
		5E2589562BBC404F00A1F128 /* FirebaseAnalyticsOnDeviceConversion in Frameworks */ = {isa = PBXBuildFile; productRef = 5E2589552BBC404F00A1F128 /* FirebaseAnalyticsOnDeviceConversion */; };
		5E2589582BBC404F00A1F128 /* FirebaseAnalyticsSwift in Frameworks */ = {isa = PBXBuildFile; productRef = 5E2589572BBC404F00A1F128 /* FirebaseAnalyticsSwift */; };
		5E25895A2BBC404F00A1F128 /* FirebaseAnalyticsWithoutAdIdSupport in Frameworks */ = {isa = PBXBuildFile; productRef = 5E2589592BBC404F00A1F128 /* FirebaseAnalyticsWithoutAdIdSupport */; };
		5E25895C2BBC404F00A1F128 /* FirebaseAppCheck in Frameworks */ = {isa = PBXBuildFile; productRef = 5E25895B2BBC404F00A1F128 /* FirebaseAppCheck */; };
		5E25896E2BBC49A200A1F128 /* GoogleService-Info.plist in Resources */ = {isa = PBXBuildFile; fileRef = 5E25896D2BBC49A200A1F128 /* GoogleService-Info.plist */; };
		5E2589722BBC4C3E00A1F128 /* MainView.swift in Sources */ = {isa = PBXBuildFile; fileRef = 5E2589712BBC4C3E00A1F128 /* MainView.swift */; };
		5E2589742BBC4C4500A1F128 /* LoginView.swift in Sources */ = {isa = PBXBuildFile; fileRef = 5E2589732BBC4C4500A1F128 /* LoginView.swift */; };
		5E2589762BBC4C5600A1F128 /* RegisterView.swift in Sources */ = {isa = PBXBuildFile; fileRef = 5E2589752BBC4C5600A1F128 /* RegisterView.swift */; };
		5E2589782BBC4C6F00A1F128 /* ProfileView.swift in Sources */ = {isa = PBXBuildFile; fileRef = 5E2589772BBC4C6F00A1F128 /* ProfileView.swift */; };
		5E25897C2BBC4E1900A1F128 /* NoteItemView.swift in Sources */ = {isa = PBXBuildFile; fileRef = 5E25897B2BBC4E1900A1F128 /* NoteItemView.swift */; };
		5E25897E2BBC4FB200A1F128 /* NewNoteView.swift in Sources */ = {isa = PBXBuildFile; fileRef = 5E25897D2BBC4FB200A1F128 /* NewNoteView.swift */; };
		5E2589802BBC4FF100A1F128 /* NoteDetailView.swift in Sources */ = {isa = PBXBuildFile; fileRef = 5E25897F2BBC4FF100A1F128 /* NoteDetailView.swift */; };
		5E2589852BBC504400A1F128 /* MainViewModel.swift in Sources */ = {isa = PBXBuildFile; fileRef = 5E2589842BBC504400A1F128 /* MainViewModel.swift */; };
		5E2589872BBC504C00A1F128 /* LoginViewModel.swift in Sources */ = {isa = PBXBuildFile; fileRef = 5E2589862BBC504C00A1F128 /* LoginViewModel.swift */; };
		5E2589892BBC505500A1F128 /* RegisterViewModel.swift in Sources */ = {isa = PBXBuildFile; fileRef = 5E2589882BBC505500A1F128 /* RegisterViewModel.swift */; };
		5E25898B2BBC505C00A1F128 /* ProfileViewModel.swift in Sources */ = {isa = PBXBuildFile; fileRef = 5E25898A2BBC505C00A1F128 /* ProfileViewModel.swift */; };
		5E25898D2BBC506500A1F128 /* NoteItemViewModel.swift in Sources */ = {isa = PBXBuildFile; fileRef = 5E25898C2BBC506500A1F128 /* NoteItemViewModel.swift */; };
		5E25898F2BBC506F00A1F128 /* NewNoteViewModel.swift in Sources */ = {isa = PBXBuildFile; fileRef = 5E25898E2BBC506F00A1F128 /* NewNoteViewModel.swift */; };
		5E2589912BBC507B00A1F128 /* NoteDetailViewModel.swift in Sources */ = {isa = PBXBuildFile; fileRef = 5E2589902BBC507B00A1F128 /* NoteDetailViewModel.swift */; };
		5E2589932BBC508D00A1F128 /* NoteListViewModel.swift in Sources */ = {isa = PBXBuildFile; fileRef = 5E2589922BBC508D00A1F128 /* NoteListViewModel.swift */; };
		5E2589952BBC50A400A1F128 /* NoteListView.swift in Sources */ = {isa = PBXBuildFile; fileRef = 5E2589942BBC50A400A1F128 /* NoteListView.swift */; };
		5E25899A2BBC50D200A1F128 /* User.swift in Sources */ = {isa = PBXBuildFile; fileRef = 5E2589992BBC50D200A1F128 /* User.swift */; };
		5E25899C2BBC50E100A1F128 /* NoteItem.swift in Sources */ = {isa = PBXBuildFile; fileRef = 5E25899B2BBC50E100A1F128 /* NoteItem.swift */; };
		5E2589A02BBC513600A1F128 /* Extension.swift in Sources */ = {isa = PBXBuildFile; fileRef = 5E25899F2BBC513600A1F128 /* Extension.swift */; };
		5E2589A22BBC551600A1F128 /* TLButton.swift in Sources */ = {isa = PBXBuildFile; fileRef = 5E2589A12BBC551600A1F128 /* TLButton.swift */; };
		5E2589A52BBC580A00A1F128 /* FirebaseFirestoreSwift in Frameworks */ = {isa = PBXBuildFile; productRef = 5E2589A42BBC580A00A1F128 /* FirebaseFirestoreSwift */; };
		5E2589A72BBC586900A1F128 /* FirebaseAuth in Frameworks */ = {isa = PBXBuildFile; productRef = 5E2589A62BBC586900A1F128 /* FirebaseAuth */; };
		5E2589A92BBC58A400A1F128 /* FirebaseFirestore in Frameworks */ = {isa = PBXBuildFile; productRef = 5E2589A82BBC58A400A1F128 /* FirebaseFirestore */; };
/* End PBXBuildFile section */

/* Begin PBXFileReference section */
		5E2589412BBC3DCF00A1F128 /* Note.app */ = {isa = PBXFileReference; explicitFileType = wrapper.application; includeInIndex = 0; path = Note.app; sourceTree = BUILT_PRODUCTS_DIR; };
		5E2589442BBC3DCF00A1F128 /* NoteApp.swift */ = {isa = PBXFileReference; lastKnownFileType = sourcecode.swift; path = NoteApp.swift; sourceTree = "<group>"; };
		5E2589482BBC3DD100A1F128 /* Assets.xcassets */ = {isa = PBXFileReference; lastKnownFileType = folder.assetcatalog; path = Assets.xcassets; sourceTree = "<group>"; };
		5E25894B2BBC3DD100A1F128 /* Preview Assets.xcassets */ = {isa = PBXFileReference; lastKnownFileType = folder.assetcatalog; path = "Preview Assets.xcassets"; sourceTree = "<group>"; };
		5E25896D2BBC49A200A1F128 /* GoogleService-Info.plist */ = {isa = PBXFileReference; fileEncoding = 4; lastKnownFileType = text.plist.xml; path = "GoogleService-Info.plist"; sourceTree = "<group>"; };
		5E2589712BBC4C3E00A1F128 /* MainView.swift */ = {isa = PBXFileReference; lastKnownFileType = sourcecode.swift; path = MainView.swift; sourceTree = "<group>"; };
		5E2589732BBC4C4500A1F128 /* LoginView.swift */ = {isa = PBXFileReference; lastKnownFileType = sourcecode.swift; path = LoginView.swift; sourceTree = "<group>"; };
		5E2589752BBC4C5600A1F128 /* RegisterView.swift */ = {isa = PBXFileReference; lastKnownFileType = sourcecode.swift; path = RegisterView.swift; sourceTree = "<group>"; };
		5E2589772BBC4C6F00A1F128 /* ProfileView.swift */ = {isa = PBXFileReference; lastKnownFileType = sourcecode.swift; path = ProfileView.swift; sourceTree = "<group>"; };
		5E25897B2BBC4E1900A1F128 /* NoteItemView.swift */ = {isa = PBXFileReference; lastKnownFileType = sourcecode.swift; path = NoteItemView.swift; sourceTree = "<group>"; };
		5E25897D2BBC4FB200A1F128 /* NewNoteView.swift */ = {isa = PBXFileReference; lastKnownFileType = sourcecode.swift; path = NewNoteView.swift; sourceTree = "<group>"; };
		5E25897F2BBC4FF100A1F128 /* NoteDetailView.swift */ = {isa = PBXFileReference; lastKnownFileType = sourcecode.swift; path = NoteDetailView.swift; sourceTree = "<group>"; };
		5E2589842BBC504400A1F128 /* MainViewModel.swift */ = {isa = PBXFileReference; lastKnownFileType = sourcecode.swift; path = MainViewModel.swift; sourceTree = "<group>"; };
		5E2589862BBC504C00A1F128 /* LoginViewModel.swift */ = {isa = PBXFileReference; lastKnownFileType = sourcecode.swift; path = LoginViewModel.swift; sourceTree = "<group>"; };
		5E2589882BBC505500A1F128 /* RegisterViewModel.swift */ = {isa = PBXFileReference; lastKnownFileType = sourcecode.swift; path = RegisterViewModel.swift; sourceTree = "<group>"; };
		5E25898A2BBC505C00A1F128 /* ProfileViewModel.swift */ = {isa = PBXFileReference; lastKnownFileType = sourcecode.swift; path = ProfileViewModel.swift; sourceTree = "<group>"; };
		5E25898C2BBC506500A1F128 /* NoteItemViewModel.swift */ = {isa = PBXFileReference; lastKnownFileType = sourcecode.swift; path = NoteItemViewModel.swift; sourceTree = "<group>"; };
		5E25898E2BBC506F00A1F128 /* NewNoteViewModel.swift */ = {isa = PBXFileReference; lastKnownFileType = sourcecode.swift; path = NewNoteViewModel.swift; sourceTree = "<group>"; };
		5E2589902BBC507B00A1F128 /* NoteDetailViewModel.swift */ = {isa = PBXFileReference; lastKnownFileType = sourcecode.swift; path = NoteDetailViewModel.swift; sourceTree = "<group>"; };
		5E2589922BBC508D00A1F128 /* NoteListViewModel.swift */ = {isa = PBXFileReference; lastKnownFileType = sourcecode.swift; path = NoteListViewModel.swift; sourceTree = "<group>"; };
		5E2589942BBC50A400A1F128 /* NoteListView.swift */ = {isa = PBXFileReference; lastKnownFileType = sourcecode.swift; path = NoteListView.swift; sourceTree = "<group>"; };
		5E2589992BBC50D200A1F128 /* User.swift */ = {isa = PBXFileReference; lastKnownFileType = sourcecode.swift; path = User.swift; sourceTree = "<group>"; };
		5E25899B2BBC50E100A1F128 /* NoteItem.swift */ = {isa = PBXFileReference; lastKnownFileType = sourcecode.swift; path = NoteItem.swift; sourceTree = "<group>"; };
		5E25899F2BBC513600A1F128 /* Extension.swift */ = {isa = PBXFileReference; lastKnownFileType = sourcecode.swift; path = Extension.swift; sourceTree = "<group>"; };
		5E2589A12BBC551600A1F128 /* TLButton.swift */ = {isa = PBXFileReference; lastKnownFileType = sourcecode.swift; path = TLButton.swift; sourceTree = "<group>"; };
/* End PBXFileReference section */

/* Begin PBXFrameworksBuildPhase section */
		5E25893E2BBC3DCF00A1F128 /* Frameworks */ = {
			isa = PBXFrameworksBuildPhase;
			buildActionMask = 2147483647;
			files = (
				5E2589582BBC404F00A1F128 /* FirebaseAnalyticsSwift in Frameworks */,
				5E2589542BBC404F00A1F128 /* FirebaseAnalytics in Frameworks */,
				5E2589562BBC404F00A1F128 /* FirebaseAnalyticsOnDeviceConversion in Frameworks */,
				5E25895C2BBC404F00A1F128 /* FirebaseAppCheck in Frameworks */,
				5E25895A2BBC404F00A1F128 /* FirebaseAnalyticsWithoutAdIdSupport in Frameworks */,
				5E2589A92BBC58A400A1F128 /* FirebaseFirestore in Frameworks */,
				5E2589A72BBC586900A1F128 /* FirebaseAuth in Frameworks */,
				5E2589A52BBC580A00A1F128 /* FirebaseFirestoreSwift in Frameworks */,
			);
			runOnlyForDeploymentPostprocessing = 0;
		};
/* End PBXFrameworksBuildPhase section */

/* Begin PBXGroup section */
		5E2589382BBC3DCF00A1F128 = {
			isa = PBXGroup;
			children = (
				5E2589432BBC3DCF00A1F128 /* Note */,
				5E2589422BBC3DCF00A1F128 /* Products */,
				5E2589A32BBC580A00A1F128 /* Frameworks */,
			);
			sourceTree = "<group>";
		};
		5E2589422BBC3DCF00A1F128 /* Products */ = {
			isa = PBXGroup;
			children = (
				5E2589412BBC3DCF00A1F128 /* Note.app */,
			);
			name = Products;
			sourceTree = "<group>";
		};
		5E2589432BBC3DCF00A1F128 /* Note */ = {
			isa = PBXGroup;
			children = (
				5E2589962BBC50B200A1F128 /* Models */,
				5E2589832BBC501B00A1F128 /* ViewModels */,
				5E2589702BBC4C1F00A1F128 /* Views */,
				5E25896F2BBC4BEF00A1F128 /* Others */,
				5E25894A2BBC3DD100A1F128 /* Preview Content */,
			);
			path = Note;
			sourceTree = "<group>";
		};
		5E25894A2BBC3DD100A1F128 /* Preview Content */ = {
			isa = PBXGroup;
			children = (
				5E25894B2BBC3DD100A1F128 /* Preview Assets.xcassets */,
			);
			path = "Preview Content";
			sourceTree = "<group>";
		};
		5E25896F2BBC4BEF00A1F128 /* Others */ = {
			isa = PBXGroup;
			children = (
				5E2589482BBC3DD100A1F128 /* Assets.xcassets */,
				5E25896D2BBC49A200A1F128 /* GoogleService-Info.plist */,
				5E2589442BBC3DCF00A1F128 /* NoteApp.swift */,
				5E25899F2BBC513600A1F128 /* Extension.swift */,
			);
			path = Others;
			sourceTree = "<group>";
		};
		5E2589702BBC4C1F00A1F128 /* Views */ = {
			isa = PBXGroup;
			children = (
				5E2589712BBC4C3E00A1F128 /* MainView.swift */,
				5E2589732BBC4C4500A1F128 /* LoginView.swift */,
				5E2589752BBC4C5600A1F128 /* RegisterView.swift */,
				5E2589772BBC4C6F00A1F128 /* ProfileView.swift */,
				5E25897B2BBC4E1900A1F128 /* NoteItemView.swift */,
				5E25897D2BBC4FB200A1F128 /* NewNoteView.swift */,
				5E25897F2BBC4FF100A1F128 /* NoteDetailView.swift */,
				5E2589942BBC50A400A1F128 /* NoteListView.swift */,
				5E2589A12BBC551600A1F128 /* TLButton.swift */,
			);
			path = Views;
			sourceTree = "<group>";
		};
		5E2589832BBC501B00A1F128 /* ViewModels */ = {
			isa = PBXGroup;
			children = (
				5E2589842BBC504400A1F128 /* MainViewModel.swift */,
				5E2589862BBC504C00A1F128 /* LoginViewModel.swift */,
				5E2589882BBC505500A1F128 /* RegisterViewModel.swift */,
				5E25898A2BBC505C00A1F128 /* ProfileViewModel.swift */,
				5E25898C2BBC506500A1F128 /* NoteItemViewModel.swift */,
				5E25898E2BBC506F00A1F128 /* NewNoteViewModel.swift */,
				5E2589902BBC507B00A1F128 /* NoteDetailViewModel.swift */,
				5E2589922BBC508D00A1F128 /* NoteListViewModel.swift */,
			);
			path = ViewModels;
			sourceTree = "<group>";
		};
		5E2589962BBC50B200A1F128 /* Models */ = {
			isa = PBXGroup;
			children = (
				5E2589992BBC50D200A1F128 /* User.swift */,
				5E25899B2BBC50E100A1F128 /* NoteItem.swift */,
			);
			path = Models;
			sourceTree = "<group>";
		};
		5E2589A32BBC580A00A1F128 /* Frameworks */ = {
			isa = PBXGroup;
			children = (
			);
			name = Frameworks;
			sourceTree = "<group>";
		};
/* End PBXGroup section */

/* Begin PBXNativeTarget section */
		5E2589402BBC3DCF00A1F128 /* Note */ = {
			isa = PBXNativeTarget;
			buildConfigurationList = 5E25894F2BBC3DD100A1F128 /* Build configuration list for PBXNativeTarget "Note" */;
			buildPhases = (
				5E25893D2BBC3DCF00A1F128 /* Sources */,
				5E25893E2BBC3DCF00A1F128 /* Frameworks */,
				5E25893F2BBC3DCF00A1F128 /* Resources */,
			);
			buildRules = (
			);
			dependencies = (
			);
			name = Note;
			packageProductDependencies = (
				5E2589532BBC404F00A1F128 /* FirebaseAnalytics */,
				5E2589552BBC404F00A1F128 /* FirebaseAnalyticsOnDeviceConversion */,
				5E2589572BBC404F00A1F128 /* FirebaseAnalyticsSwift */,
				5E2589592BBC404F00A1F128 /* FirebaseAnalyticsWithoutAdIdSupport */,
				5E25895B2BBC404F00A1F128 /* FirebaseAppCheck */,
				5E2589A42BBC580A00A1F128 /* FirebaseFirestoreSwift */,
				5E2589A62BBC586900A1F128 /* FirebaseAuth */,
				5E2589A82BBC58A400A1F128 /* FirebaseFirestore */,
			);
			productName = Note;
			productReference = 5E2589412BBC3DCF00A1F128 /* Note.app */;
			productType = "com.apple.product-type.application";
		};
/* End PBXNativeTarget section */

/* Begin PBXProject section */
		5E2589392BBC3DCF00A1F128 /* Project object */ = {
			isa = PBXProject;
			attributes = {
				BuildIndependentTargetsInParallel = 1;
				LastSwiftUpdateCheck = 1520;
				LastUpgradeCheck = 1520;
				TargetAttributes = {
					5E2589402BBC3DCF00A1F128 = {
						CreatedOnToolsVersion = 15.2;
					};
				};
			};
			buildConfigurationList = 5E25893C2BBC3DCF00A1F128 /* Build configuration list for PBXProject "Note" */;
			compatibilityVersion = "Xcode 14.0";
			developmentRegion = en;
			hasScannedForEncodings = 0;
			knownRegions = (
				en,
				Base,
			);
			mainGroup = 5E2589382BBC3DCF00A1F128;
			packageReferences = (
				5E2589522BBC404E00A1F128 /* XCRemoteSwiftPackageReference "firebase-ios-sdk" */,
			);
			productRefGroup = 5E2589422BBC3DCF00A1F128 /* Products */;
			projectDirPath = "";
			projectRoot = "";
			targets = (
				5E2589402BBC3DCF00A1F128 /* Note */,
			);
		};
/* End PBXProject section */

/* Begin PBXResourcesBuildPhase section */
		5E25893F2BBC3DCF00A1F128 /* Resources */ = {
			isa = PBXResourcesBuildPhase;
			buildActionMask = 2147483647;
			files = (
				5E25894C2BBC3DD100A1F128 /* Preview Assets.xcassets in Resources */,
				5E2589492BBC3DD100A1F128 /* Assets.xcassets in Resources */,
				5E25896E2BBC49A200A1F128 /* GoogleService-Info.plist in Resources */,
			);
			runOnlyForDeploymentPostprocessing = 0;
		};
/* End PBXResourcesBuildPhase section */

/* Begin PBXSourcesBuildPhase section */
		5E25893D2BBC3DCF00A1F128 /* Sources */ = {
			isa = PBXSourcesBuildPhase;
			buildActionMask = 2147483647;
			files = (
				5E2589802BBC4FF100A1F128 /* NoteDetailView.swift in Sources */,
				5E2589A22BBC551600A1F128 /* TLButton.swift in Sources */,
				5E2589952BBC50A400A1F128 /* NoteListView.swift in Sources */,
				5E2589762BBC4C5600A1F128 /* RegisterView.swift in Sources */,
				5E2589722BBC4C3E00A1F128 /* MainView.swift in Sources */,
				5E2589742BBC4C4500A1F128 /* LoginView.swift in Sources */,
				5E25897C2BBC4E1900A1F128 /* NoteItemView.swift in Sources */,
				5E25898B2BBC505C00A1F128 /* ProfileViewModel.swift in Sources */,
				5E25898D2BBC506500A1F128 /* NoteItemViewModel.swift in Sources */,
				5E2589932BBC508D00A1F128 /* NoteListViewModel.swift in Sources */,
				5E2589782BBC4C6F00A1F128 /* ProfileView.swift in Sources */,
				5E2589912BBC507B00A1F128 /* NoteDetailViewModel.swift in Sources */,
				5E2589892BBC505500A1F128 /* RegisterViewModel.swift in Sources */,
				5E2589872BBC504C00A1F128 /* LoginViewModel.swift in Sources */,
				5E25899C2BBC50E100A1F128 /* NoteItem.swift in Sources */,
				5E2589452BBC3DCF00A1F128 /* NoteApp.swift in Sources */,
				5E2589A02BBC513600A1F128 /* Extension.swift in Sources */,
				5E25898F2BBC506F00A1F128 /* NewNoteViewModel.swift in Sources */,
				5E25897E2BBC4FB200A1F128 /* NewNoteView.swift in Sources */,
				5E2589852BBC504400A1F128 /* MainViewModel.swift in Sources */,
				5E25899A2BBC50D200A1F128 /* User.swift in Sources */,
			);
			runOnlyForDeploymentPostprocessing = 0;
		};
/* End PBXSourcesBuildPhase section */

/* Begin XCBuildConfiguration section */
		5E25894D2BBC3DD100A1F128 /* Debug */ = {
			isa = XCBuildConfiguration;
			buildSettings = {
				ALWAYS_SEARCH_USER_PATHS = NO;
				ASSETCATALOG_COMPILER_GENERATE_SWIFT_ASSET_SYMBOL_EXTENSIONS = YES;
				CLANG_ANALYZER_NONNULL = YES;
				CLANG_ANALYZER_NUMBER_OBJECT_CONVERSION = YES_AGGRESSIVE;
				CLANG_CXX_LANGUAGE_STANDARD = "gnu++20";
				CLANG_ENABLE_MODULES = YES;
				CLANG_ENABLE_OBJC_ARC = YES;
				CLANG_ENABLE_OBJC_WEAK = YES;
				CLANG_WARN_BLOCK_CAPTURE_AUTORELEASING = YES;
				CLANG_WARN_BOOL_CONVERSION = YES;
				CLANG_WARN_COMMA = YES;
				CLANG_WARN_CONSTANT_CONVERSION = YES;
				CLANG_WARN_DEPRECATED_OBJC_IMPLEMENTATIONS = YES;
				CLANG_WARN_DIRECT_OBJC_ISA_USAGE = YES_ERROR;
				CLANG_WARN_DOCUMENTATION_COMMENTS = YES;
				CLANG_WARN_EMPTY_BODY = YES;
				CLANG_WARN_ENUM_CONVERSION = YES;
				CLANG_WARN_INFINITE_RECURSION = YES;
				CLANG_WARN_INT_CONVERSION = YES;
				CLANG_WARN_NON_LITERAL_NULL_CONVERSION = YES;
				CLANG_WARN_OBJC_IMPLICIT_RETAIN_SELF = YES;
				CLANG_WARN_OBJC_LITERAL_CONVERSION = YES;
				CLANG_WARN_OBJC_ROOT_CLASS = YES_ERROR;
				CLANG_WARN_QUOTED_INCLUDE_IN_FRAMEWORK_HEADER = YES;
				CLANG_WARN_RANGE_LOOP_ANALYSIS = YES;
				CLANG_WARN_STRICT_PROTOTYPES = YES;
				CLANG_WARN_SUSPICIOUS_MOVE = YES;
				CLANG_WARN_UNGUARDED_AVAILABILITY = YES_AGGRESSIVE;
				CLANG_WARN_UNREACHABLE_CODE = YES;
				CLANG_WARN__DUPLICATE_METHOD_MATCH = YES;
				COPY_PHASE_STRIP = NO;
				DEBUG_INFORMATION_FORMAT = dwarf;
				ENABLE_STRICT_OBJC_MSGSEND = YES;
				ENABLE_TESTABILITY = YES;
				ENABLE_USER_SCRIPT_SANDBOXING = YES;
				GCC_C_LANGUAGE_STANDARD = gnu17;
				GCC_DYNAMIC_NO_PIC = NO;
				GCC_NO_COMMON_BLOCKS = YES;
				GCC_OPTIMIZATION_LEVEL = 0;
				GCC_PREPROCESSOR_DEFINITIONS = (
					"DEBUG=1",
					"$(inherited)",
				);
				GCC_WARN_64_TO_32_BIT_CONVERSION = YES;
				GCC_WARN_ABOUT_RETURN_TYPE = YES_ERROR;
				GCC_WARN_UNDECLARED_SELECTOR = YES;
				GCC_WARN_UNINITIALIZED_AUTOS = YES_AGGRESSIVE;
				GCC_WARN_UNUSED_FUNCTION = YES;
				GCC_WARN_UNUSED_VARIABLE = YES;
				IPHONEOS_DEPLOYMENT_TARGET = 17.2;
				LOCALIZATION_PREFERS_STRING_CATALOGS = YES;
				MTL_ENABLE_DEBUG_INFO = INCLUDE_SOURCE;
				MTL_FAST_MATH = YES;
				ONLY_ACTIVE_ARCH = YES;
				SDKROOT = iphoneos;
				SWIFT_ACTIVE_COMPILATION_CONDITIONS = "DEBUG $(inherited)";
				SWIFT_OPTIMIZATION_LEVEL = "-Onone";
			};
			name = Debug;
		};
		5E25894E2BBC3DD100A1F128 /* Release */ = {
			isa = XCBuildConfiguration;
			buildSettings = {
				ALWAYS_SEARCH_USER_PATHS = NO;
				ASSETCATALOG_COMPILER_GENERATE_SWIFT_ASSET_SYMBOL_EXTENSIONS = YES;
				CLANG_ANALYZER_NONNULL = YES;
				CLANG_ANALYZER_NUMBER_OBJECT_CONVERSION = YES_AGGRESSIVE;
				CLANG_CXX_LANGUAGE_STANDARD = "gnu++20";
				CLANG_ENABLE_MODULES = YES;
				CLANG_ENABLE_OBJC_ARC = YES;
				CLANG_ENABLE_OBJC_WEAK = YES;
				CLANG_WARN_BLOCK_CAPTURE_AUTORELEASING = YES;
				CLANG_WARN_BOOL_CONVERSION = YES;
				CLANG_WARN_COMMA = YES;
				CLANG_WARN_CONSTANT_CONVERSION = YES;
				CLANG_WARN_DEPRECATED_OBJC_IMPLEMENTATIONS = YES;
				CLANG_WARN_DIRECT_OBJC_ISA_USAGE = YES_ERROR;
				CLANG_WARN_DOCUMENTATION_COMMENTS = YES;
				CLANG_WARN_EMPTY_BODY = YES;
				CLANG_WARN_ENUM_CONVERSION = YES;
				CLANG_WARN_INFINITE_RECURSION = YES;
				CLANG_WARN_INT_CONVERSION = YES;
				CLANG_WARN_NON_LITERAL_NULL_CONVERSION = YES;
				CLANG_WARN_OBJC_IMPLICIT_RETAIN_SELF = YES;
				CLANG_WARN_OBJC_LITERAL_CONVERSION = YES;
				CLANG_WARN_OBJC_ROOT_CLASS = YES_ERROR;
				CLANG_WARN_QUOTED_INCLUDE_IN_FRAMEWORK_HEADER = YES;
				CLANG_WARN_RANGE_LOOP_ANALYSIS = YES;
				CLANG_WARN_STRICT_PROTOTYPES = YES;
				CLANG_WARN_SUSPICIOUS_MOVE = YES;
				CLANG_WARN_UNGUARDED_AVAILABILITY = YES_AGGRESSIVE;
				CLANG_WARN_UNREACHABLE_CODE = YES;
				CLANG_WARN__DUPLICATE_METHOD_MATCH = YES;
				COPY_PHASE_STRIP = NO;
				DEBUG_INFORMATION_FORMAT = "dwarf-with-dsym";
				ENABLE_NS_ASSERTIONS = NO;
				ENABLE_STRICT_OBJC_MSGSEND = YES;
				ENABLE_USER_SCRIPT_SANDBOXING = YES;
				GCC_C_LANGUAGE_STANDARD = gnu17;
				GCC_NO_COMMON_BLOCKS = YES;
				GCC_WARN_64_TO_32_BIT_CONVERSION = YES;
				GCC_WARN_ABOUT_RETURN_TYPE = YES_ERROR;
				GCC_WARN_UNDECLARED_SELECTOR = YES;
				GCC_WARN_UNINITIALIZED_AUTOS = YES_AGGRESSIVE;
				GCC_WARN_UNUSED_FUNCTION = YES;
				GCC_WARN_UNUSED_VARIABLE = YES;
				IPHONEOS_DEPLOYMENT_TARGET = 17.2;
				LOCALIZATION_PREFERS_STRING_CATALOGS = YES;
				MTL_ENABLE_DEBUG_INFO = NO;
				MTL_FAST_MATH = YES;
				SDKROOT = iphoneos;
				SWIFT_COMPILATION_MODE = wholemodule;
				VALIDATE_PRODUCT = YES;
			};
			name = Release;
		};
		5E2589502BBC3DD100A1F128 /* Debug */ = {
			isa = XCBuildConfiguration;
			buildSettings = {
				ASSETCATALOG_COMPILER_APPICON_NAME = AppIcon;
				ASSETCATALOG_COMPILER_GLOBAL_ACCENT_COLOR_NAME = AccentColor;
				CODE_SIGN_STYLE = Automatic;
				CURRENT_PROJECT_VERSION = 1;
				DEVELOPMENT_ASSET_PATHS = "\"Note/Preview Content\"";
				DEVELOPMENT_TEAM = L4443B994J;
				ENABLE_PREVIEWS = YES;
				GENERATE_INFOPLIST_FILE = YES;
				INFOPLIST_KEY_UIApplicationSceneManifest_Generation = YES;
				INFOPLIST_KEY_UIApplicationSupportsIndirectInputEvents = YES;
				INFOPLIST_KEY_UILaunchScreen_Generation = YES;
				INFOPLIST_KEY_UISupportedInterfaceOrientations_iPad = "UIInterfaceOrientationPortrait UIInterfaceOrientationPortraitUpsideDown UIInterfaceOrientationLandscapeLeft UIInterfaceOrientationLandscapeRight";
				INFOPLIST_KEY_UISupportedInterfaceOrientations_iPhone = "UIInterfaceOrientationPortrait UIInterfaceOrientationLandscapeLeft UIInterfaceOrientationLandscapeRight";
				LD_RUNPATH_SEARCH_PATHS = (
					"$(inherited)",
					"@executable_path/Frameworks",
				);
				MARKETING_VERSION = 1.0;
				PRODUCT_BUNDLE_IDENTIFIER = cn436.tu.note.Note;
				PRODUCT_NAME = "$(TARGET_NAME)";
				SWIFT_EMIT_LOC_STRINGS = YES;
				SWIFT_VERSION = 5.0;
				TARGETED_DEVICE_FAMILY = "1,2";
			};
			name = Debug;
		};
		5E2589512BBC3DD100A1F128 /* Release */ = {
			isa = XCBuildConfiguration;
			buildSettings = {
				ASSETCATALOG_COMPILER_APPICON_NAME = AppIcon;
				ASSETCATALOG_COMPILER_GLOBAL_ACCENT_COLOR_NAME = AccentColor;
				CODE_SIGN_STYLE = Automatic;
				CURRENT_PROJECT_VERSION = 1;
				DEVELOPMENT_ASSET_PATHS = "\"Note/Preview Content\"";
				DEVELOPMENT_TEAM = L4443B994J;
				ENABLE_PREVIEWS = YES;
				GENERATE_INFOPLIST_FILE = YES;
				INFOPLIST_KEY_UIApplicationSceneManifest_Generation = YES;
				INFOPLIST_KEY_UIApplicationSupportsIndirectInputEvents = YES;
				INFOPLIST_KEY_UILaunchScreen_Generation = YES;
				INFOPLIST_KEY_UISupportedInterfaceOrientations_iPad = "UIInterfaceOrientationPortrait UIInterfaceOrientationPortraitUpsideDown UIInterfaceOrientationLandscapeLeft UIInterfaceOrientationLandscapeRight";
				INFOPLIST_KEY_UISupportedInterfaceOrientations_iPhone = "UIInterfaceOrientationPortrait UIInterfaceOrientationLandscapeLeft UIInterfaceOrientationLandscapeRight";
				LD_RUNPATH_SEARCH_PATHS = (
					"$(inherited)",
					"@executable_path/Frameworks",
				);
				MARKETING_VERSION = 1.0;
				PRODUCT_BUNDLE_IDENTIFIER = cn436.tu.note.Note;
				PRODUCT_NAME = "$(TARGET_NAME)";
				SWIFT_EMIT_LOC_STRINGS = YES;
				SWIFT_VERSION = 5.0;
				TARGETED_DEVICE_FAMILY = "1,2";
			};
			name = Release;
		};
/* End XCBuildConfiguration section */

/* Begin XCConfigurationList section */
		5E25893C2BBC3DCF00A1F128 /* Build configuration list for PBXProject "Note" */ = {
			isa = XCConfigurationList;
			buildConfigurations = (
				5E25894D2BBC3DD100A1F128 /* Debug */,
				5E25894E2BBC3DD100A1F128 /* Release */,
			);
			defaultConfigurationIsVisible = 0;
			defaultConfigurationName = Release;
		};
		5E25894F2BBC3DD100A1F128 /* Build configuration list for PBXNativeTarget "Note" */ = {
			isa = XCConfigurationList;
			buildConfigurations = (
				5E2589502BBC3DD100A1F128 /* Debug */,
				5E2589512BBC3DD100A1F128 /* Release */,
			);
			defaultConfigurationIsVisible = 0;
			defaultConfigurationName = Release;
		};
/* End XCConfigurationList section */

/* Begin XCRemoteSwiftPackageReference section */
		5E2589522BBC404E00A1F128 /* XCRemoteSwiftPackageReference "firebase-ios-sdk" */ = {
			isa = XCRemoteSwiftPackageReference;
			repositoryURL = "https://github.com/firebase/firebase-ios-sdk";
			requirement = {
				kind = upToNextMajorVersion;
				minimumVersion = 10.23.1;
			};
		};
/* End XCRemoteSwiftPackageReference section */

/* Begin XCSwiftPackageProductDependency section */
		5E2589532BBC404F00A1F128 /* FirebaseAnalytics */ = {
			isa = XCSwiftPackageProductDependency;
			package = 5E2589522BBC404E00A1F128 /* XCRemoteSwiftPackageReference "firebase-ios-sdk" */;
			productName = FirebaseAnalytics;
		};
		5E2589552BBC404F00A1F128 /* FirebaseAnalyticsOnDeviceConversion */ = {
			isa = XCSwiftPackageProductDependency;
			package = 5E2589522BBC404E00A1F128 /* XCRemoteSwiftPackageReference "firebase-ios-sdk" */;
			productName = FirebaseAnalyticsOnDeviceConversion;
		};
		5E2589572BBC404F00A1F128 /* FirebaseAnalyticsSwift */ = {
			isa = XCSwiftPackageProductDependency;
			package = 5E2589522BBC404E00A1F128 /* XCRemoteSwiftPackageReference "firebase-ios-sdk" */;
			productName = FirebaseAnalyticsSwift;
		};
		5E2589592BBC404F00A1F128 /* FirebaseAnalyticsWithoutAdIdSupport */ = {
			isa = XCSwiftPackageProductDependency;
			package = 5E2589522BBC404E00A1F128 /* XCRemoteSwiftPackageReference "firebase-ios-sdk" */;
			productName = FirebaseAnalyticsWithoutAdIdSupport;
		};
		5E25895B2BBC404F00A1F128 /* FirebaseAppCheck */ = {
			isa = XCSwiftPackageProductDependency;
			package = 5E2589522BBC404E00A1F128 /* XCRemoteSwiftPackageReference "firebase-ios-sdk" */;
			productName = FirebaseAppCheck;
		};
		5E2589A42BBC580A00A1F128 /* FirebaseFirestoreSwift */ = {
			isa = XCSwiftPackageProductDependency;
			package = 5E2589522BBC404E00A1F128 /* XCRemoteSwiftPackageReference "firebase-ios-sdk" */;
			productName = FirebaseFirestoreSwift;
		};
		5E2589A62BBC586900A1F128 /* FirebaseAuth */ = {
			isa = XCSwiftPackageProductDependency;
			package = 5E2589522BBC404E00A1F128 /* XCRemoteSwiftPackageReference "firebase-ios-sdk" */;
			productName = FirebaseAuth;
		};
		5E2589A82BBC58A400A1F128 /* FirebaseFirestore */ = {
			isa = XCSwiftPackageProductDependency;
			package = 5E2589522BBC404E00A1F128 /* XCRemoteSwiftPackageReference "firebase-ios-sdk" */;
			productName = FirebaseFirestore;
		};
/* End XCSwiftPackageProductDependency section */
	};
	rootObject = 5E2589392BBC3DCF00A1F128 /* Project object */;
}
